
Microsoft Visual Studio Solution File, Format Version 12.00
# Visual Studio Version 17
VisualStudioVersion = 17.7.34202.233
MinimumVisualStudioVersion = 10.0.40219.1
Project("{FAE04EC0-301F-11D3-BF4B-00C04F79EFBC}") = "FilmArsivi", "FilmArsivi\FilmArsivi.csproj", "{3DDBC0FC-64B9-457E-8EBE-54404C3DF824}"
EndProject
Global
	GlobalSection(SolutionConfigurationPlatforms) = preSolution
		Debug|Any CPU = Debug|Any CPU
		Release|Any CPU = Release|Any CPU
	EndGlobalSection
	GlobalSection(ProjectConfigurationPlatforms) = postSolution
		{3DDBC0FC-64B9-457E-8EBE-54404C3DF824}.Debug|Any CPU.ActiveCfg = Debug|Any CPU
		{3DDBC0FC-64B9-457E-8EBE-54404C3DF824}.Debug|Any CPU.Build.0 = Debug|Any CPU
		{3DDBC0FC-64B9-457E-8EBE-54404C3DF824}.Release|Any CPU.ActiveCfg = Release|Any CPU
		{3DDBC0FC-64B9-457E-8EBE-54404C3DF824}.Release|Any CPU.Build.0 = Release|Any CPU
	EndGlobalSection
	GlobalSection(SolutionProperties) = preSolution
		HideSolutionNode = FALSE
	EndGlobalSection
	GlobalSection(ExtensibilityGlobals) = postSolution
		SolutionGuid = {621EE089-022E-4814-A8B9-2B7652AEBC37}
	EndGlobalSection
EndGlobal
